
Microsoft Visual Studio Solution File, Format Version 12.00
# Visual Studio Version 17
VisualStudioVersion = 17.11.35312.102
MinimumVisualStudioVersion = 10.0.40219.1
Project("{9A19103F-16F7-4668-BE54-9A1E7A4F7556}") = "CarConnect", "CarConnect\CarConnect.csproj", "{479BD3E2-D99A-404D-903C-C057E3D1E4C1}"
EndProject
Project("{FAE04EC0-301F-11D3-BF4B-00C04F79EFBC}") = "CarConnect.Tests", "CarConnect.Tests\CarConnect.Tests.csproj", "{DE45E27F-4905-4B97-A20A-3377EB267C2C}"
EndProject
Global
	GlobalSection(SolutionConfigurationPlatforms) = preSolution
		Debug|Any CPU = Debug|Any CPU
		Release|Any CPU = Release|Any CPU
	EndGlobalSection
	GlobalSection(ProjectConfigurationPlatforms) = postSolution
		{479BD3E2-D99A-404D-903C-C057E3D1E4C1}.Debug|Any CPU.ActiveCfg = Debug|Any CPU
		{479BD3E2-D99A-404D-903C-C057E3D1E4C1}.Debug|Any CPU.Build.0 = Debug|Any CPU
		{479BD3E2-D99A-404D-903C-C057E3D1E4C1}.Release|Any CPU.ActiveCfg = Release|Any CPU
		{479BD3E2-D99A-404D-903C-C057E3D1E4C1}.Release|Any CPU.Build.0 = Release|Any CPU
		{DE45E27F-4905-4B97-A20A-3377EB267C2C}.Debug|Any CPU.ActiveCfg = Debug|Any CPU
		{DE45E27F-4905-4B97-A20A-3377EB267C2C}.Debug|Any CPU.Build.0 = Debug|Any CPU
		{DE45E27F-4905-4B97-A20A-3377EB267C2C}.Release|Any CPU.ActiveCfg = Release|Any CPU
		{DE45E27F-4905-4B97-A20A-3377EB267C2C}.Release|Any CPU.Build.0 = Release|Any CPU
	EndGlobalSection
	GlobalSection(SolutionProperties) = preSolution
		HideSolutionNode = FALSE
	EndGlobalSection
	GlobalSection(ExtensibilityGlobals) = postSolution
		SolutionGuid = {8CD55A8B-72AD-422B-8A53-DDDBB55D74CB}
	EndGlobalSection
EndGlobal
